
Microsoft Visual Studio Solution File, Format Version 12.00
# Visual Studio 14
VisualStudioVersion = 14.0.25420.1
MinimumVisualStudioVersion = 10.0.40219.1
Project("{2150E333-8FDC-42A3-9474-1A3956D46DE8}") = "src", "src", "{F6A5BD1A-C149-4B6A-9FFA-69DD24241562}"
EndProject
Project("{2150E333-8FDC-42A3-9474-1A3956D46DE8}") = "Solution Items", "Solution Items", "{369BB505-A3EA-4B1F-843E-770CFF865940}"
	ProjectSection(SolutionItems) = preProject
		global.json = global.json
	EndProjectSection
EndProject
Project("{8BB2217D-0F2D-49D1-97BC-3654ED321F3B}") = "Spider.Downloader", "src\Spider.Downloader\Spider.Downloader.xproj", "{9FDC7888-D4F2-48D2-993E-EB163BB0E914}"
EndProject
Project("{8BB2217D-0F2D-49D1-97BC-3654ED321F3B}") = "Spider.Scheduler", "src\Spider.Scheduler\Spider.Scheduler.xproj", "{BAF683A6-C5BD-42AD-BF58-95AB49592431}"
EndProject
Project("{8BB2217D-0F2D-49D1-97BC-3654ED321F3B}") = "Spider.PageProcesser", "src\Spider.PageProcesser\Spider.PageProcesser.xproj", "{D70C49E5-7D1A-4228-B40B-F677C41E3072}"
EndProject
Project("{8BB2217D-0F2D-49D1-97BC-3654ED321F3B}") = "Extend", "src\Extend\Extend.xproj", "{A94E0180-2DE4-4869-B1F9-34B801ABE602}"
EndProject
Project("{8BB2217D-0F2D-49D1-97BC-3654ED321F3B}") = "Spider.Engine", "src\Spider.Engine\Spider.Engine.xproj", "{6943ABB4-883F-491C-9E31-D7BB59A58E62}"
EndProject
Project("{8BB2217D-0F2D-49D1-97BC-3654ED321F3B}") = "Spider.IDownloader", "src\Spider.IDoenloader\Spider.IDownloader.xproj", "{BE9FA0FF-728A-4741-90B5-334F0CFB19C4}"
EndProject
Project("{8BB2217D-0F2D-49D1-97BC-3654ED321F3B}") = "Spider.IPageProcesser", "src\Spider.IPageProcesser\Spider.IPageProcesser.xproj", "{670B38EA-47D3-4B0A-8DE9-BBD687FD696B}"
EndProject
Project("{8BB2217D-0F2D-49D1-97BC-3654ED321F3B}") = "Test", "src\Test\Test.xproj", "{C46055FE-D44D-4ADB-ADCB-7D44F92D17F4}"
EndProject
Project("{8BB2217D-0F2D-49D1-97BC-3654ED321F3B}") = "Spider.IScheduler", "src\Spider.IScheduler\Spider.IScheduler.xproj", "{F775F2CA-1356-488B-8158-948E95294D32}"
EndProject
Project("{8BB2217D-0F2D-49D1-97BC-3654ED321F3B}") = "Spider.IPipeline", "src\Spider.IPipeline\Spider.IPipeline.xproj", "{9B7620BD-2A28-4544-98AA-FF2419B6194F}"
EndProject
Project("{8BB2217D-0F2D-49D1-97BC-3654ED321F3B}") = "Spider.Pipeline", "src\Spider.Pipeline\Spider.Pipeline.xproj", "{7505B537-9171-4FAE-8865-2802A54405B4}"
EndProject
Project("{8BB2217D-0F2D-49D1-97BC-3654ED321F3B}") = "Spider.ProcessDOMPipeline", "src\Spider.ProcessDOMPipeline\Spider.ProcessDOMPipeline.xproj", "{4AB4F18D-A2AE-43B4-89E2-1D4631C1B0BA}"
EndProject
Project("{8BB2217D-0F2D-49D1-97BC-3654ED321F3B}") = "Spider.FindAllUrlPipeline", "src\Spider.FindAllUrlPipeline\Spider.FindAllUrlPipeline.xproj", "{D7731731-4271-408B-93B7-35E810923730}"
EndProject
Global
	GlobalSection(SolutionConfigurationPlatforms) = preSolution
		Debug|Any CPU = Debug|Any CPU
		Release|Any CPU = Release|Any CPU
	EndGlobalSection
	GlobalSection(ProjectConfigurationPlatforms) = postSolution
		{9FDC7888-D4F2-48D2-993E-EB163BB0E914}.Debug|Any CPU.ActiveCfg = Debug|Any CPU
		{9FDC7888-D4F2-48D2-993E-EB163BB0E914}.Debug|Any CPU.Build.0 = Debug|Any CPU
		{9FDC7888-D4F2-48D2-993E-EB163BB0E914}.Release|Any CPU.ActiveCfg = Release|Any CPU
		{9FDC7888-D4F2-48D2-993E-EB163BB0E914}.Release|Any CPU.Build.0 = Release|Any CPU
		{BAF683A6-C5BD-42AD-BF58-95AB49592431}.Debug|Any CPU.ActiveCfg = Debug|Any CPU
		{BAF683A6-C5BD-42AD-BF58-95AB49592431}.Debug|Any CPU.Build.0 = Debug|Any CPU
		{BAF683A6-C5BD-42AD-BF58-95AB49592431}.Release|Any CPU.ActiveCfg = Release|Any CPU
		{BAF683A6-C5BD-42AD-BF58-95AB49592431}.Release|Any CPU.Build.0 = Release|Any CPU
		{D70C49E5-7D1A-4228-B40B-F677C41E3072}.Debug|Any CPU.ActiveCfg = Debug|Any CPU
		{D70C49E5-7D1A-4228-B40B-F677C41E3072}.Debug|Any CPU.Build.0 = Debug|Any CPU
		{D70C49E5-7D1A-4228-B40B-F677C41E3072}.Release|Any CPU.ActiveCfg = Release|Any CPU
		{D70C49E5-7D1A-4228-B40B-F677C41E3072}.Release|Any CPU.Build.0 = Release|Any CPU
		{A94E0180-2DE4-4869-B1F9-34B801ABE602}.Debug|Any CPU.ActiveCfg = Debug|Any CPU
		{A94E0180-2DE4-4869-B1F9-34B801ABE602}.Debug|Any CPU.Build.0 = Debug|Any CPU
		{A94E0180-2DE4-4869-B1F9-34B801ABE602}.Release|Any CPU.ActiveCfg = Release|Any CPU
		{A94E0180-2DE4-4869-B1F9-34B801ABE602}.Release|Any CPU.Build.0 = Release|Any CPU
		{6943ABB4-883F-491C-9E31-D7BB59A58E62}.Debug|Any CPU.ActiveCfg = Debug|Any CPU
		{6943ABB4-883F-491C-9E31-D7BB59A58E62}.Debug|Any CPU.Build.0 = Debug|Any CPU
		{6943ABB4-883F-491C-9E31-D7BB59A58E62}.Release|Any CPU.ActiveCfg = Release|Any CPU
		{6943ABB4-883F-491C-9E31-D7BB59A58E62}.Release|Any CPU.Build.0 = Release|Any CPU
		{BE9FA0FF-728A-4741-90B5-334F0CFB19C4}.Debug|Any CPU.ActiveCfg = Debug|Any CPU
		{BE9FA0FF-728A-4741-90B5-334F0CFB19C4}.Debug|Any CPU.Build.0 = Debug|Any CPU
		{BE9FA0FF-728A-4741-90B5-334F0CFB19C4}.Release|Any CPU.ActiveCfg = Release|Any CPU
		{BE9FA0FF-728A-4741-90B5-334F0CFB19C4}.Release|Any CPU.Build.0 = Release|Any CPU
		{670B38EA-47D3-4B0A-8DE9-BBD687FD696B}.Debug|Any CPU.ActiveCfg = Debug|Any CPU
		{670B38EA-47D3-4B0A-8DE9-BBD687FD696B}.Debug|Any CPU.Build.0 = Debug|Any CPU
		{670B38EA-47D3-4B0A-8DE9-BBD687FD696B}.Release|Any CPU.ActiveCfg = Release|Any CPU
		{670B38EA-47D3-4B0A-8DE9-BBD687FD696B}.Release|Any CPU.Build.0 = Release|Any CPU
		{C46055FE-D44D-4ADB-ADCB-7D44F92D17F4}.Debug|Any CPU.ActiveCfg = Debug|Any CPU
		{C46055FE-D44D-4ADB-ADCB-7D44F92D17F4}.Debug|Any CPU.Build.0 = Debug|Any CPU
		{C46055FE-D44D-4ADB-ADCB-7D44F92D17F4}.Release|Any CPU.ActiveCfg = Release|Any CPU
		{C46055FE-D44D-4ADB-ADCB-7D44F92D17F4}.Release|Any CPU.Build.0 = Release|Any CPU
		{F775F2CA-1356-488B-8158-948E95294D32}.Debug|Any CPU.ActiveCfg = Debug|Any CPU
		{F775F2CA-1356-488B-8158-948E95294D32}.Debug|Any CPU.Build.0 = Debug|Any CPU
		{F775F2CA-1356-488B-8158-948E95294D32}.Release|Any CPU.ActiveCfg = Release|Any CPU
		{F775F2CA-1356-488B-8158-948E95294D32}.Release|Any CPU.Build.0 = Release|Any CPU
		{9B7620BD-2A28-4544-98AA-FF2419B6194F}.Debug|Any CPU.ActiveCfg = Debug|Any CPU
		{9B7620BD-2A28-4544-98AA-FF2419B6194F}.Debug|Any CPU.Build.0 = Debug|Any CPU
		{9B7620BD-2A28-4544-98AA-FF2419B6194F}.Release|Any CPU.ActiveCfg = Release|Any CPU
		{9B7620BD-2A28-4544-98AA-FF2419B6194F}.Release|Any CPU.Build.0 = Release|Any CPU
		{7505B537-9171-4FAE-8865-2802A54405B4}.Debug|Any CPU.ActiveCfg = Debug|Any CPU
		{7505B537-9171-4FAE-8865-2802A54405B4}.Debug|Any CPU.Build.0 = Debug|Any CPU
		{7505B537-9171-4FAE-8865-2802A54405B4}.Release|Any CPU.ActiveCfg = Release|Any CPU
		{7505B537-9171-4FAE-8865-2802A54405B4}.Release|Any CPU.Build.0 = Release|Any CPU
		{4AB4F18D-A2AE-43B4-89E2-1D4631C1B0BA}.Debug|Any CPU.ActiveCfg = Debug|Any CPU
		{4AB4F18D-A2AE-43B4-89E2-1D4631C1B0BA}.Debug|Any CPU.Build.0 = Debug|Any CPU
		{4AB4F18D-A2AE-43B4-89E2-1D4631C1B0BA}.Release|Any CPU.ActiveCfg = Release|Any CPU
		{4AB4F18D-A2AE-43B4-89E2-1D4631C1B0BA}.Release|Any CPU.Build.0 = Release|Any CPU
		{D7731731-4271-408B-93B7-35E810923730}.Debug|Any CPU.ActiveCfg = Debug|Any CPU
		{D7731731-4271-408B-93B7-35E810923730}.Debug|Any CPU.Build.0 = Debug|Any CPU
		{D7731731-4271-408B-93B7-35E810923730}.Release|Any CPU.ActiveCfg = Release|Any CPU
		{D7731731-4271-408B-93B7-35E810923730}.Release|Any CPU.Build.0 = Release|Any CPU
	EndGlobalSection
	GlobalSection(SolutionProperties) = preSolution
		HideSolutionNode = FALSE
	EndGlobalSection
	GlobalSection(NestedProjects) = preSolution
		{9FDC7888-D4F2-48D2-993E-EB163BB0E914} = {F6A5BD1A-C149-4B6A-9FFA-69DD24241562}
		{BAF683A6-C5BD-42AD-BF58-95AB49592431} = {F6A5BD1A-C149-4B6A-9FFA-69DD24241562}
		{D70C49E5-7D1A-4228-B40B-F677C41E3072} = {F6A5BD1A-C149-4B6A-9FFA-69DD24241562}
		{A94E0180-2DE4-4869-B1F9-34B801ABE602} = {F6A5BD1A-C149-4B6A-9FFA-69DD24241562}
		{6943ABB4-883F-491C-9E31-D7BB59A58E62} = {F6A5BD1A-C149-4B6A-9FFA-69DD24241562}
		{BE9FA0FF-728A-4741-90B5-334F0CFB19C4} = {F6A5BD1A-C149-4B6A-9FFA-69DD24241562}
		{670B38EA-47D3-4B0A-8DE9-BBD687FD696B} = {F6A5BD1A-C149-4B6A-9FFA-69DD24241562}
		{C46055FE-D44D-4ADB-ADCB-7D44F92D17F4} = {F6A5BD1A-C149-4B6A-9FFA-69DD24241562}
		{F775F2CA-1356-488B-8158-948E95294D32} = {F6A5BD1A-C149-4B6A-9FFA-69DD24241562}
		{9B7620BD-2A28-4544-98AA-FF2419B6194F} = {F6A5BD1A-C149-4B6A-9FFA-69DD24241562}
		{7505B537-9171-4FAE-8865-2802A54405B4} = {F6A5BD1A-C149-4B6A-9FFA-69DD24241562}
		{4AB4F18D-A2AE-43B4-89E2-1D4631C1B0BA} = {F6A5BD1A-C149-4B6A-9FFA-69DD24241562}
		{D7731731-4271-408B-93B7-35E810923730} = {F6A5BD1A-C149-4B6A-9FFA-69DD24241562}
	EndGlobalSection
EndGlobal
